// !$*UTF8*$!
{
	archiveVersion = 1;
	classes = {
	};
	objectVersion = 46;
	objects = {

/* Begin PBXBuildFile section */
		0416439C1BD41FA600873FAB /* ServerUserInfo.swift in Sources */ = {isa = PBXBuildFile; fileRef = 0416439B1BD41FA600873FAB /* ServerUserInfo.swift */; };
		0416439F1BD4204300873FAB /* WakeOnLanInfo.swift in Sources */ = {isa = PBXBuildFile; fileRef = 0416439E1BD4204300873FAB /* WakeOnLanInfo.swift */; };
		041643A11BD4216100873FAB /* UserLinkType.swift in Sources */ = {isa = PBXBuildFile; fileRef = 041643A01BD4216100873FAB /* UserLinkType.swift */; };
		041643A31BD4233800873FAB /* ConnectionMode.swift in Sources */ = {isa = PBXBuildFile; fileRef = 041643A21BD4233800873FAB /* ConnectionMode.swift */; };
		041643A61BD424F400873FAB /* PublicSystemInfo.swift in Sources */ = {isa = PBXBuildFile; fileRef = 041643A51BD424F400873FAB /* PublicSystemInfo.swift */; };
		041643A81BD4280600873FAB /* SystemInfo.swift in Sources */ = {isa = PBXBuildFile; fileRef = 041643A71BD4280600873FAB /* SystemInfo.swift */; };
		041643AA1BD48E6100873FAB /* ConnectionResult.swift in Sources */ = {isa = PBXBuildFile; fileRef = 041643A91BD48E6100873FAB /* ConnectionResult.swift */; };
		041643AD1BD495A700873FAB /* InstallationInfo.swift in Sources */ = {isa = PBXBuildFile; fileRef = 041643AC1BD495A700873FAB /* InstallationInfo.swift */; };
		041643AF1BD4962100873FAB /* PackageVersionClass.swift in Sources */ = {isa = PBXBuildFile; fileRef = 041643AE1BD4962100873FAB /* PackageVersionClass.swift */; };
		04AFCAD81BD33E0500C95C88 /* ServerLocatorProtocol.swift in Sources */ = {isa = PBXBuildFile; fileRef = 04AFCAD71BD33E0500C95C88 /* ServerLocatorProtocol.swift */; };
		04AFCADC1BD33FEA00C95C88 /* ServerDiscoveryInfo.swift in Sources */ = {isa = PBXBuildFile; fileRef = 04AFCADB1BD33FEA00C95C88 /* ServerDiscoveryInfo.swift */; };
		04AFCAE21BD3436600C95C88 /* ConnectionManagerProtocol.swift in Sources */ = {isa = PBXBuildFile; fileRef = 04AFCAE11BD3436600C95C88 /* ConnectionManagerProtocol.swift */; };
		04AFCAE61BD3453400C95C88 /* ClientCapabilities.swift in Sources */ = {isa = PBXBuildFile; fileRef = 04AFCAE51BD3453400C95C88 /* ClientCapabilities.swift */; };
		04AFCAE91BD346F200C95C88 /* DeviceProfile.swift in Sources */ = {isa = PBXBuildFile; fileRef = 04AFCAE81BD346F200C95C88 /* DeviceProfile.swift */; };
		04AFCAEC1BD347EE00C95C88 /* IHasServerId.swift in Sources */ = {isa = PBXBuildFile; fileRef = 04AFCAEB1BD347EE00C95C88 /* IHasServerId.swift */; };
		04AFCAEE1BD3489C00C95C88 /* ServerInfo.swift in Sources */ = {isa = PBXBuildFile; fileRef = 04AFCAED1BD3489C00C95C88 /* ServerInfo.swift */; };
		04AFCAF01BD3490A00C95C88 /* ApiClient.swift in Sources */ = {isa = PBXBuildFile; fileRef = 04AFCAEF1BD3490A00C95C88 /* ApiClient.swift */; };
		04AFCAF31BD3497000C95C88 /* DeviceProtocol.swift in Sources */ = {isa = PBXBuildFile; fileRef = 04AFCAF21BD3497000C95C88 /* DeviceProtocol.swift */; };
		04AFCAF61BD34A0A00C95C88 /* LocalFileInfo.swift in Sources */ = {isa = PBXBuildFile; fileRef = 04AFCAF51BD34A0A00C95C88 /* LocalFileInfo.swift */; };
		04AFCAF91BD34B4800C95C88 /* ProgressProtocol.swift in Sources */ = {isa = PBXBuildFile; fileRef = 04AFCAF81BD34B4800C95C88 /* ProgressProtocol.swift */; };
		04AFCAFB1BD34B9900C95C88 /* CancellationToken.swift in Sources */ = {isa = PBXBuildFile; fileRef = 04AFCAFA1BD34B9900C95C88 /* CancellationToken.swift */; };
		04AFCAFD1BD34C9F00C95C88 /* ConnectionOptions.swift in Sources */ = {isa = PBXBuildFile; fileRef = 04AFCAFC1BD34C9F00C95C88 /* ConnectionOptions.swift */; };
		04B8AB311BDB293200ED19CA /* ConnectionManager.swift in Sources */ = {isa = PBXBuildFile; fileRef = 04B8AB301BDB293200ED19CA /* ConnectionManager.swift */; };
		04B8AB331BDB2D1700ED19CA /* CredentialProviderProtocol.swift in Sources */ = {isa = PBXBuildFile; fileRef = 04B8AB321BDB2D1700ED19CA /* CredentialProviderProtocol.swift */; };
		04B8AB351BDB2E8D00ED19CA /* ServerCredentials.swift in Sources */ = {isa = PBXBuildFile; fileRef = 04B8AB341BDB2E8D00ED19CA /* ServerCredentials.swift */; };
		5DD39A821BE9E6AD00B2D09A /* Alamofire.framework in Frameworks */ = {isa = PBXBuildFile; fileRef = 5DD39A811BE9E6AD00B2D09A /* Alamofire.framework */; };
		8838C55B1BC514B500587F8E /* Emby.ApiClient.h in Headers */ = {isa = PBXBuildFile; fileRef = 8838C55A1BC514B500587F8E /* Emby.ApiClient.h */; settings = {ATTRIBUTES = (Public, ); }; };
		884EBEDD1BCD912B0032E7F3 /* EmptyResponse.swift in Sources */ = {isa = PBXBuildFile; fileRef = 884EBEDC1BCD912B0032E7F3 /* EmptyResponse.swift */; };
		8857F86D1BCC633F00ADFA8A /* VolleyError.swift in Sources */ = {isa = PBXBuildFile; fileRef = 8857F86C1BCC633F00ADFA8A /* VolleyError.swift */; };
		8857F86F1BCD4B5500ADFA8A /* IResponse.swift in Sources */ = {isa = PBXBuildFile; fileRef = 8857F86E1BCD4B5500ADFA8A /* IResponse.swift */; };
		888EFC651BC859E100546DB3 /* RegistrationInfo.swift in Sources */ = {isa = PBXBuildFile; fileRef = 888EFC641BC859E100546DB3 /* RegistrationInfo.swift */; };
		888EFC6D1BCC3DA600546DB3 /* Configuration.swift in Sources */ = {isa = PBXBuildFile; fileRef = 888EFC6C1BCC3DA600546DB3 /* Configuration.swift */; };
		888EFC7E1BCC4DB700546DB3 /* Logger.swift in Sources */ = {isa = PBXBuildFile; fileRef = 888EFC7D1BCC4DB700546DB3 /* Logger.swift */; };
		888EFC811BCC4EDC00546DB3 /* JsonSerializer.swift in Sources */ = {isa = PBXBuildFile; fileRef = 888EFC801BCC4EDC00546DB3 /* JsonSerializer.swift */; };
		888EFC9A1BCC52CD00546DB3 /* AppDelegate.swift in Sources */ = {isa = PBXBuildFile; fileRef = 888EFC991BCC52CD00546DB3 /* AppDelegate.swift */; };
		888EFC9C1BCC52CD00546DB3 /* ViewController.swift in Sources */ = {isa = PBXBuildFile; fileRef = 888EFC9B1BCC52CD00546DB3 /* ViewController.swift */; };
		888EFC9F1BCC52CD00546DB3 /* Main.storyboard in Resources */ = {isa = PBXBuildFile; fileRef = 888EFC9D1BCC52CD00546DB3 /* Main.storyboard */; };
		888EFCA11BCC52CD00546DB3 /* Assets.xcassets in Resources */ = {isa = PBXBuildFile; fileRef = 888EFCA01BCC52CD00546DB3 /* Assets.xcassets */; };
		888EFCA41BCC52CD00546DB3 /* LaunchScreen.storyboard in Resources */ = {isa = PBXBuildFile; fileRef = 888EFCA21BCC52CD00546DB3 /* LaunchScreen.storyboard */; };
		889288CB1BE7FF0000DAD65F /* CredentialProvider.swift in Sources */ = {isa = PBXBuildFile; fileRef = 889288CA1BE7FF0000DAD65F /* CredentialProvider.swift */; };
		889288CD1BE7FF8B00DAD65F /* ICredentialProvider.swift in Sources */ = {isa = PBXBuildFile; fileRef = 889288CC1BE7FF8B00DAD65F /* ICredentialProvider.swift */; };
		889288CF1BE8D9B400DAD65F /* iOSDevice.swift in Sources */ = {isa = PBXBuildFile; fileRef = 889288CE1BE8D9B400DAD65F /* iOSDevice.swift */; };
		889288D31BE8DCE700DAD65F /* FileUploadProgress.swift in Sources */ = {isa = PBXBuildFile; fileRef = 889288D21BE8DCE700DAD65F /* FileUploadProgress.swift */; };
		889288D51BE908A500DAD65F /* BaseApiClient.swift in Sources */ = {isa = PBXBuildFile; fileRef = 889288D41BE908A500DAD65F /* BaseApiClient.swift */; };
		889288D71BE90D8000DAD65F /* ServerLocator.swift in Sources */ = {isa = PBXBuildFile; fileRef = 889288D61BE90D8000DAD65F /* ServerLocator.swift */; };
		88CF7C111BC5248E00A33B72 /* Emby.ApiClient-Bridging-Header.h in Headers */ = {isa = PBXBuildFile; fileRef = 88CF7C101BC5248E00A33B72 /* Emby.ApiClient-Bridging-Header.h */; };
		88CF7E371BC5B8DF00A33B72 /* Response.swift in Sources */ = {isa = PBXBuildFile; fileRef = 88CF7CCE1BC59D0500A33B72 /* Response.swift */; };
		88CF7E381BC5B94500A33B72 /* HttpRequest.swift in Sources */ = {isa = PBXBuildFile; fileRef = 88CF7CC51BC5873A00A33B72 /* HttpRequest.swift */; };
		88CF7E391BC5B9AE00A33B72 /* SerializedResponse.swift in Sources */ = {isa = PBXBuildFile; fileRef = 88CF7E311BC5B08300A33B72 /* SerializedResponse.swift */; };
		88CF7E3C1BC5BB5600A33B72 /* IJsonSerializer.swift in Sources */ = {isa = PBXBuildFile; fileRef = 88CF7E3B1BC5BB5600A33B72 /* IJsonSerializer.swift */; };
		88CF7E3E1BC5BC8800A33B72 /* IAsyncHttpClient.swift in Sources */ = {isa = PBXBuildFile; fileRef = 88CF7CC31BC586BC00A33B72 /* IAsyncHttpClient.swift */; };
		88CF7E3F1BC5BCA800A33B72 /* VolleyHttpClient.swift in Sources */ = {isa = PBXBuildFile; fileRef = 88CF7CC81BC5888300A33B72 /* VolleyHttpClient.swift */; };
		88CF7E551BC5BE9600A33B72 /* VolleyResponseListener.swift in Sources */ = {isa = PBXBuildFile; fileRef = 88CF7CD01BC59EA500A33B72 /* VolleyResponseListener.swift */; };
		88CF7E581BC5BF0300A33B72 /* ILogger.swift in Sources */ = {isa = PBXBuildFile; fileRef = 88CF7E571BC5BF0300A33B72 /* ILogger.swift */; };
		88CF7E591BC5BF8C00A33B72 /* QueryStringDictionary.swift in Sources */ = {isa = PBXBuildFile; fileRef = 8838C5661BC5197900587F8E /* QueryStringDictionary.swift */; };
		88CF7E5A1BC5BF9E00A33B72 /* ConnectPassword.swift in Sources */ = {isa = PBXBuildFile; fileRef = 8838C56A1BC51FFA00587F8E /* ConnectPassword.swift */; };
		88CF7E5B1BC5BFA300A33B72 /* ConnectAuthorizationRequest.swift in Sources */ = {isa = PBXBuildFile; fileRef = 88CF7E331BC5B14F00A33B72 /* ConnectAuthorizationRequest.swift */; };
		88CF7E5C1BC5BFA700A33B72 /* ConnectAuthenticationResult.swift in Sources */ = {isa = PBXBuildFile; fileRef = 88CF7E351BC5B2E800A33B72 /* ConnectAuthenticationResult.swift */; };
		88CF7E5D1BC5BFC000A33B72 /* VolleyStringRequest.swift in Sources */ = {isa = PBXBuildFile; fileRef = 88CF7CCA1BC59AC600A33B72 /* VolleyStringRequest.swift */; };
		88CF7E5E1BC5C15D00A33B72 /* ConnectService.swift in Sources */ = {isa = PBXBuildFile; fileRef = 8838C5641BC5180100587F8E /* ConnectService.swift */; };
		88CF7E601BC5C37D00A33B72 /* HttpHeaders.swift in Sources */ = {isa = PBXBuildFile; fileRef = 88CF7E5F1BC5C37D00A33B72 /* HttpHeaders.swift */; };
		88CF7E621BC5C72700A33B72 /* VolleyErrorListener.swift in Sources */ = {isa = PBXBuildFile; fileRef = 88CF7E611BC5C72700A33B72 /* VolleyErrorListener.swift */; };
		88CF7E641BC5C85A00A33B72 /* Context.swift in Sources */ = {isa = PBXBuildFile; fileRef = 88CF7E631BC5C85A00A33B72 /* Context.swift */; };
		88CF7E671BC5CB4B00A33B72 /* StringRequest.swift in Sources */ = {isa = PBXBuildFile; fileRef = 88CF7E661BC5CB4B00A33B72 /* StringRequest.swift */; };
		88CF7E691BC5CBDB00A33B72 /* Request.swift in Sources */ = {isa = PBXBuildFile; fileRef = 88CF7E681BC5CBDB00A33B72 /* Request.swift */; };
		88CF7E6E1BC6E05C00A33B72 /* PinCreationResult.swift in Sources */ = {isa = PBXBuildFile; fileRef = 88CF7E6D1BC6E05C00A33B72 /* PinCreationResult.swift */; };
		88CF7E701BC6E0C100A33B72 /* PinStatusResult.swift in Sources */ = {isa = PBXBuildFile; fileRef = 88CF7E6F1BC6E0C100A33B72 /* PinStatusResult.swift */; };
		88CF7E721BC6E49F00A33B72 /* PinExchangeResult.swift in Sources */ = {isa = PBXBuildFile; fileRef = 88CF7E711BC6E49F00A33B72 /* PinExchangeResult.swift */; };
		88CF7E741BC6E5B500A33B72 /* ConnectUserQuery.swift in Sources */ = {isa = PBXBuildFile; fileRef = 88CF7E731BC6E5B500A33B72 /* ConnectUserQuery.swift */; };
		88CF7E761BC6E71200A33B72 /* ConnectUser.swift in Sources */ = {isa = PBXBuildFile; fileRef = 88CF7E751BC6E71200A33B72 /* ConnectUser.swift */; };
		88CF7E781BC6E86F00A33B72 /* ConnectUserServer.swift in Sources */ = {isa = PBXBuildFile; fileRef = 88CF7E771BC6E86F00A33B72 /* ConnectUserServer.swift */; };
/* End PBXBuildFile section */

/* Begin PBXContainerItemProxy section */
		888EFCA91BCC533B00546DB3 /* PBXContainerItemProxy */ = {
			isa = PBXContainerItemProxy;
			containerPortal = 8838C54E1BC514B500587F8E /* Project object */;
			proxyType = 1;
			remoteGlobalIDString = 8838C5561BC514B500587F8E;
			remoteInfo = Emby_ApiClient;
		};
/* End PBXContainerItemProxy section */

/* Begin PBXFileReference section */
		0416439B1BD41FA600873FAB /* ServerUserInfo.swift */ = {isa = PBXFileReference; fileEncoding = 4; lastKnownFileType = sourcecode.swift; path = ServerUserInfo.swift; sourceTree = "<group>"; };
		0416439E1BD4204300873FAB /* WakeOnLanInfo.swift */ = {isa = PBXFileReference; fileEncoding = 4; lastKnownFileType = sourcecode.swift; path = WakeOnLanInfo.swift; sourceTree = "<group>"; };
		041643A01BD4216100873FAB /* UserLinkType.swift */ = {isa = PBXFileReference; fileEncoding = 4; lastKnownFileType = sourcecode.swift; path = UserLinkType.swift; sourceTree = "<group>"; };
		041643A21BD4233800873FAB /* ConnectionMode.swift */ = {isa = PBXFileReference; fileEncoding = 4; lastKnownFileType = sourcecode.swift; path = ConnectionMode.swift; sourceTree = "<group>"; };
		041643A51BD424F400873FAB /* PublicSystemInfo.swift */ = {isa = PBXFileReference; fileEncoding = 4; lastKnownFileType = sourcecode.swift; name = PublicSystemInfo.swift; path = system/PublicSystemInfo.swift; sourceTree = "<group>"; };
		041643A71BD4280600873FAB /* SystemInfo.swift */ = {isa = PBXFileReference; fileEncoding = 4; lastKnownFileType = sourcecode.swift; name = SystemInfo.swift; path = system/SystemInfo.swift; sourceTree = "<group>"; };
		041643A91BD48E6100873FAB /* ConnectionResult.swift */ = {isa = PBXFileReference; fileEncoding = 4; lastKnownFileType = sourcecode.swift; path = ConnectionResult.swift; sourceTree = "<group>"; };
		041643AC1BD495A700873FAB /* InstallationInfo.swift */ = {isa = PBXFileReference; fileEncoding = 4; lastKnownFileType = sourcecode.swift; name = InstallationInfo.swift; path = updates/InstallationInfo.swift; sourceTree = "<group>"; };
		041643AE1BD4962100873FAB /* PackageVersionClass.swift */ = {isa = PBXFileReference; fileEncoding = 4; lastKnownFileType = sourcecode.swift; name = PackageVersionClass.swift; path = updates/PackageVersionClass.swift; sourceTree = "<group>"; };
		04AFCAD71BD33E0500C95C88 /* ServerLocatorProtocol.swift */ = {isa = PBXFileReference; fileEncoding = 4; lastKnownFileType = sourcecode.swift; path = ServerLocatorProtocol.swift; sourceTree = "<group>"; };
		04AFCADB1BD33FEA00C95C88 /* ServerDiscoveryInfo.swift */ = {isa = PBXFileReference; fileEncoding = 4; lastKnownFileType = sourcecode.swift; path = ServerDiscoveryInfo.swift; sourceTree = "<group>"; };
		04AFCAE11BD3436600C95C88 /* ConnectionManagerProtocol.swift */ = {isa = PBXFileReference; fileEncoding = 4; lastKnownFileType = sourcecode.swift; path = ConnectionManagerProtocol.swift; sourceTree = "<group>"; };
		04AFCAE51BD3453400C95C88 /* ClientCapabilities.swift */ = {isa = PBXFileReference; fileEncoding = 4; lastKnownFileType = sourcecode.swift; name = ClientCapabilities.swift; path = session/ClientCapabilities.swift; sourceTree = "<group>"; };
		04AFCAE81BD346F200C95C88 /* DeviceProfile.swift */ = {isa = PBXFileReference; fileEncoding = 4; lastKnownFileType = sourcecode.swift; name = DeviceProfile.swift; path = dlna/DeviceProfile.swift; sourceTree = "<group>"; };
		04AFCAEB1BD347EE00C95C88 /* IHasServerId.swift */ = {isa = PBXFileReference; fileEncoding = 4; lastKnownFileType = sourcecode.swift; name = IHasServerId.swift; path = dto/IHasServerId.swift; sourceTree = "<group>"; };
		04AFCAED1BD3489C00C95C88 /* ServerInfo.swift */ = {isa = PBXFileReference; fileEncoding = 4; lastKnownFileType = sourcecode.swift; path = ServerInfo.swift; sourceTree = "<group>"; };
		04AFCAEF1BD3490A00C95C88 /* ApiClient.swift */ = {isa = PBXFileReference; fileEncoding = 4; lastKnownFileType = sourcecode.swift; path = ApiClient.swift; sourceTree = "<group>"; };
		04AFCAF21BD3497000C95C88 /* DeviceProtocol.swift */ = {isa = PBXFileReference; fileEncoding = 4; lastKnownFileType = sourcecode.swift; name = DeviceProtocol.swift; path = device/DeviceProtocol.swift; sourceTree = "<group>"; };
		04AFCAF51BD34A0A00C95C88 /* LocalFileInfo.swift */ = {isa = PBXFileReference; fileEncoding = 4; lastKnownFileType = sourcecode.swift; name = LocalFileInfo.swift; path = devices/LocalFileInfo.swift; sourceTree = "<group>"; };
		04AFCAF81BD34B4800C95C88 /* ProgressProtocol.swift */ = {isa = PBXFileReference; fileEncoding = 4; lastKnownFileType = sourcecode.swift; name = ProgressProtocol.swift; path = Emby.ApiClient/tasks/ProgressProtocol.swift; sourceTree = SOURCE_ROOT; };
		04AFCAFA1BD34B9900C95C88 /* CancellationToken.swift */ = {isa = PBXFileReference; fileEncoding = 4; lastKnownFileType = sourcecode.swift; name = CancellationToken.swift; path = Emby.ApiClient/tasks/CancellationToken.swift; sourceTree = SOURCE_ROOT; };
		04AFCAFC1BD34C9F00C95C88 /* ConnectionOptions.swift */ = {isa = PBXFileReference; fileEncoding = 4; lastKnownFileType = sourcecode.swift; path = ConnectionOptions.swift; sourceTree = "<group>"; };
		04B8AB301BDB293200ED19CA /* ConnectionManager.swift */ = {isa = PBXFileReference; fileEncoding = 4; lastKnownFileType = sourcecode.swift; name = ConnectionManager.swift; path = connectionmanager/ConnectionManager.swift; sourceTree = "<group>"; };
		04B8AB321BDB2D1700ED19CA /* CredentialProviderProtocol.swift */ = {isa = PBXFileReference; fileEncoding = 4; lastKnownFileType = sourcecode.swift; path = CredentialProviderProtocol.swift; sourceTree = "<group>"; };
		04B8AB341BDB2E8D00ED19CA /* ServerCredentials.swift */ = {isa = PBXFileReference; fileEncoding = 4; lastKnownFileType = sourcecode.swift; path = ServerCredentials.swift; sourceTree = "<group>"; };
		5DD39A811BE9E6AD00B2D09A /* Alamofire.framework */ = {isa = PBXFileReference; lastKnownFileType = wrapper.framework; name = Alamofire.framework; path = Carthage/Build/iOS/Alamofire.framework; sourceTree = "<group>"; };
		8838C5571BC514B500587F8E /* Emby_ApiClient.framework */ = {isa = PBXFileReference; explicitFileType = wrapper.framework; includeInIndex = 0; path = Emby_ApiClient.framework; sourceTree = BUILT_PRODUCTS_DIR; };
		8838C55A1BC514B500587F8E /* Emby.ApiClient.h */ = {isa = PBXFileReference; lastKnownFileType = sourcecode.c.h; path = Emby.ApiClient.h; sourceTree = "<group>"; };
		8838C55C1BC514B500587F8E /* Info.plist */ = {isa = PBXFileReference; lastKnownFileType = text.plist.xml; path = Info.plist; sourceTree = "<group>"; };
		8838C5641BC5180100587F8E /* ConnectService.swift */ = {isa = PBXFileReference; fileEncoding = 4; lastKnownFileType = sourcecode.swift; path = ConnectService.swift; sourceTree = "<group>"; };
		8838C5661BC5197900587F8E /* QueryStringDictionary.swift */ = {isa = PBXFileReference; fileEncoding = 4; lastKnownFileType = sourcecode.swift; path = QueryStringDictionary.swift; sourceTree = "<group>"; };
		8838C56A1BC51FFA00587F8E /* ConnectPassword.swift */ = {isa = PBXFileReference; fileEncoding = 4; lastKnownFileType = sourcecode.swift; path = ConnectPassword.swift; sourceTree = "<group>"; };
		884EBEDC1BCD912B0032E7F3 /* EmptyResponse.swift */ = {isa = PBXFileReference; fileEncoding = 4; lastKnownFileType = sourcecode.swift; path = EmptyResponse.swift; sourceTree = "<group>"; };
		8857F86C1BCC633F00ADFA8A /* VolleyError.swift */ = {isa = PBXFileReference; fileEncoding = 4; lastKnownFileType = sourcecode.swift; path = VolleyError.swift; sourceTree = "<group>"; };
		8857F86E1BCD4B5500ADFA8A /* IResponse.swift */ = {isa = PBXFileReference; fileEncoding = 4; lastKnownFileType = sourcecode.swift; path = IResponse.swift; sourceTree = "<group>"; };
		888EFC641BC859E100546DB3 /* RegistrationInfo.swift */ = {isa = PBXFileReference; fileEncoding = 4; lastKnownFileType = sourcecode.swift; path = RegistrationInfo.swift; sourceTree = "<group>"; };
		888EFC6C1BCC3DA600546DB3 /* Configuration.swift */ = {isa = PBXFileReference; fileEncoding = 4; lastKnownFileType = sourcecode.swift; path = Configuration.swift; sourceTree = "<group>"; };
		888EFC7D1BCC4DB700546DB3 /* Logger.swift */ = {isa = PBXFileReference; fileEncoding = 4; lastKnownFileType = sourcecode.swift; path = Logger.swift; sourceTree = "<group>"; };
		888EFC801BCC4EDC00546DB3 /* JsonSerializer.swift */ = {isa = PBXFileReference; fileEncoding = 4; lastKnownFileType = sourcecode.swift; path = JsonSerializer.swift; sourceTree = "<group>"; };
		888EFC971BCC52CD00546DB3 /* TestApp.app */ = {isa = PBXFileReference; explicitFileType = wrapper.application; includeInIndex = 0; path = TestApp.app; sourceTree = BUILT_PRODUCTS_DIR; };
		888EFC991BCC52CD00546DB3 /* AppDelegate.swift */ = {isa = PBXFileReference; lastKnownFileType = sourcecode.swift; path = AppDelegate.swift; sourceTree = "<group>"; };
		888EFC9B1BCC52CD00546DB3 /* ViewController.swift */ = {isa = PBXFileReference; lastKnownFileType = sourcecode.swift; path = ViewController.swift; sourceTree = "<group>"; };
		888EFC9E1BCC52CD00546DB3 /* Base */ = {isa = PBXFileReference; lastKnownFileType = file.storyboard; name = Base; path = Base.lproj/Main.storyboard; sourceTree = "<group>"; };
		888EFCA01BCC52CD00546DB3 /* Assets.xcassets */ = {isa = PBXFileReference; lastKnownFileType = folder.assetcatalog; path = Assets.xcassets; sourceTree = "<group>"; };
		888EFCA31BCC52CD00546DB3 /* Base */ = {isa = PBXFileReference; lastKnownFileType = file.storyboard; name = Base; path = Base.lproj/LaunchScreen.storyboard; sourceTree = "<group>"; };
		888EFCA51BCC52CD00546DB3 /* Info.plist */ = {isa = PBXFileReference; lastKnownFileType = text.plist.xml; path = Info.plist; sourceTree = "<group>"; };
		889288CA1BE7FF0000DAD65F /* CredentialProvider.swift */ = {isa = PBXFileReference; fileEncoding = 4; lastKnownFileType = sourcecode.swift; path = CredentialProvider.swift; sourceTree = "<group>"; };
		889288CC1BE7FF8B00DAD65F /* ICredentialProvider.swift */ = {isa = PBXFileReference; fileEncoding = 4; lastKnownFileType = sourcecode.swift; path = ICredentialProvider.swift; sourceTree = "<group>"; };
		889288CE1BE8D9B400DAD65F /* iOSDevice.swift */ = {isa = PBXFileReference; fileEncoding = 4; lastKnownFileType = sourcecode.swift; path = iOSDevice.swift; sourceTree = "<group>"; };
		889288D21BE8DCE700DAD65F /* FileUploadProgress.swift */ = {isa = PBXFileReference; fileEncoding = 4; lastKnownFileType = sourcecode.swift; path = FileUploadProgress.swift; sourceTree = "<group>"; };
		889288D41BE908A500DAD65F /* BaseApiClient.swift */ = {isa = PBXFileReference; fileEncoding = 4; lastKnownFileType = sourcecode.swift; path = BaseApiClient.swift; sourceTree = "<group>"; };
		889288D61BE90D8000DAD65F /* ServerLocator.swift */ = {isa = PBXFileReference; fileEncoding = 4; lastKnownFileType = sourcecode.swift; path = ServerLocator.swift; sourceTree = "<group>"; };
		88CF7C101BC5248E00A33B72 /* Emby.ApiClient-Bridging-Header.h */ = {isa = PBXFileReference; fileEncoding = 4; lastKnownFileType = sourcecode.c.h; path = "Emby.ApiClient-Bridging-Header.h"; sourceTree = "<group>"; };
		88CF7CC31BC586BC00A33B72 /* IAsyncHttpClient.swift */ = {isa = PBXFileReference; fileEncoding = 4; lastKnownFileType = sourcecode.swift; path = IAsyncHttpClient.swift; sourceTree = "<group>"; };
		88CF7CC51BC5873A00A33B72 /* HttpRequest.swift */ = {isa = PBXFileReference; fileEncoding = 4; lastKnownFileType = sourcecode.swift; path = HttpRequest.swift; sourceTree = "<group>"; };
		88CF7CC81BC5888300A33B72 /* VolleyHttpClient.swift */ = {isa = PBXFileReference; fileEncoding = 4; lastKnownFileType = sourcecode.swift; path = VolleyHttpClient.swift; sourceTree = "<group>"; };
		88CF7CCA1BC59AC600A33B72 /* VolleyStringRequest.swift */ = {isa = PBXFileReference; fileEncoding = 4; lastKnownFileType = sourcecode.swift; path = VolleyStringRequest.swift; sourceTree = "<group>"; };
		88CF7CCE1BC59D0500A33B72 /* Response.swift */ = {isa = PBXFileReference; fileEncoding = 4; lastKnownFileType = sourcecode.swift; path = Response.swift; sourceTree = "<group>"; };
		88CF7CD01BC59EA500A33B72 /* VolleyResponseListener.swift */ = {isa = PBXFileReference; fileEncoding = 4; lastKnownFileType = sourcecode.swift; path = VolleyResponseListener.swift; sourceTree = "<group>"; };
		88CF7E311BC5B08300A33B72 /* SerializedResponse.swift */ = {isa = PBXFileReference; fileEncoding = 4; lastKnownFileType = sourcecode.swift; path = SerializedResponse.swift; sourceTree = "<group>"; };
		88CF7E331BC5B14F00A33B72 /* ConnectAuthorizationRequest.swift */ = {isa = PBXFileReference; fileEncoding = 4; lastKnownFileType = sourcecode.swift; path = ConnectAuthorizationRequest.swift; sourceTree = "<group>"; };
		88CF7E351BC5B2E800A33B72 /* ConnectAuthenticationResult.swift */ = {isa = PBXFileReference; fileEncoding = 4; lastKnownFileType = sourcecode.swift; path = ConnectAuthenticationResult.swift; sourceTree = "<group>"; };
		88CF7E3B1BC5BB5600A33B72 /* IJsonSerializer.swift */ = {isa = PBXFileReference; fileEncoding = 4; lastKnownFileType = sourcecode.swift; path = IJsonSerializer.swift; sourceTree = "<group>"; };
		88CF7E571BC5BF0300A33B72 /* ILogger.swift */ = {isa = PBXFileReference; fileEncoding = 4; lastKnownFileType = sourcecode.swift; path = ILogger.swift; sourceTree = "<group>"; };
		88CF7E5F1BC5C37D00A33B72 /* HttpHeaders.swift */ = {isa = PBXFileReference; fileEncoding = 4; lastKnownFileType = sourcecode.swift; path = HttpHeaders.swift; sourceTree = "<group>"; };
		88CF7E611BC5C72700A33B72 /* VolleyErrorListener.swift */ = {isa = PBXFileReference; fileEncoding = 4; lastKnownFileType = sourcecode.swift; path = VolleyErrorListener.swift; sourceTree = "<group>"; };
		88CF7E631BC5C85A00A33B72 /* Context.swift */ = {isa = PBXFileReference; fileEncoding = 4; lastKnownFileType = sourcecode.swift; path = Context.swift; sourceTree = "<group>"; };
		88CF7E661BC5CB4B00A33B72 /* StringRequest.swift */ = {isa = PBXFileReference; fileEncoding = 4; lastKnownFileType = sourcecode.swift; path = StringRequest.swift; sourceTree = "<group>"; };
		88CF7E681BC5CBDB00A33B72 /* Request.swift */ = {isa = PBXFileReference; fileEncoding = 4; lastKnownFileType = sourcecode.swift; path = Request.swift; sourceTree = "<group>"; };
		88CF7E6D1BC6E05C00A33B72 /* PinCreationResult.swift */ = {isa = PBXFileReference; fileEncoding = 4; lastKnownFileType = sourcecode.swift; path = PinCreationResult.swift; sourceTree = "<group>"; };
		88CF7E6F1BC6E0C100A33B72 /* PinStatusResult.swift */ = {isa = PBXFileReference; fileEncoding = 4; lastKnownFileType = sourcecode.swift; path = PinStatusResult.swift; sourceTree = "<group>"; };
		88CF7E711BC6E49F00A33B72 /* PinExchangeResult.swift */ = {isa = PBXFileReference; fileEncoding = 4; lastKnownFileType = sourcecode.swift; path = PinExchangeResult.swift; sourceTree = "<group>"; };
		88CF7E731BC6E5B500A33B72 /* ConnectUserQuery.swift */ = {isa = PBXFileReference; fileEncoding = 4; lastKnownFileType = sourcecode.swift; path = ConnectUserQuery.swift; sourceTree = "<group>"; };
		88CF7E751BC6E71200A33B72 /* ConnectUser.swift */ = {isa = PBXFileReference; fileEncoding = 4; lastKnownFileType = sourcecode.swift; path = ConnectUser.swift; sourceTree = "<group>"; };
		88CF7E771BC6E86F00A33B72 /* ConnectUserServer.swift */ = {isa = PBXFileReference; fileEncoding = 4; lastKnownFileType = sourcecode.swift; path = ConnectUserServer.swift; sourceTree = "<group>"; };
/* End PBXFileReference section */

/* Begin PBXFrameworksBuildPhase section */
		8838C5531BC514B500587F8E /* Frameworks */ = {
			isa = PBXFrameworksBuildPhase;
			buildActionMask = 2147483647;
			files = (
			);
			runOnlyForDeploymentPostprocessing = 0;
		};
		888EFC941BCC52CD00546DB3 /* Frameworks */ = {
			isa = PBXFrameworksBuildPhase;
			buildActionMask = 2147483647;
			files = (
				5DD39A821BE9E6AD00B2D09A /* Alamofire.framework in Frameworks */,
			);
			runOnlyForDeploymentPostprocessing = 0;
		};
/* End PBXFrameworksBuildPhase section */

/* Begin PBXGroup section */
		041643A41BD424E500873FAB /* system */ = {
			isa = PBXGroup;
			children = (
				041643A51BD424F400873FAB /* PublicSystemInfo.swift */,
				041643A71BD4280600873FAB /* SystemInfo.swift */,
			);
			name = system;
			sourceTree = "<group>";
		};
		041643AB1BD4959700873FAB /* updates */ = {
			isa = PBXGroup;
			children = (
				041643AC1BD495A700873FAB /* InstallationInfo.swift */,
				041643AE1BD4962100873FAB /* PackageVersionClass.swift */,
			);
			name = updates;
			sourceTree = "<group>";
		};
		04AFCAD61BD33E0500C95C88 /* discovery */ = {
			isa = PBXGroup;
			children = (
				04AFCAD71BD33E0500C95C88 /* ServerLocatorProtocol.swift */,
				889288D61BE90D8000DAD65F /* ServerLocator.swift */,
			);
			path = discovery;
			sourceTree = "<group>";
		};
		04AFCADA1BD33FEA00C95C88 /* apiclient */ = {
			isa = PBXGroup;
			children = (
				04AFCADB1BD33FEA00C95C88 /* ServerDiscoveryInfo.swift */,
				04AFCAED1BD3489C00C95C88 /* ServerInfo.swift */,
				04AFCAFC1BD34C9F00C95C88 /* ConnectionOptions.swift */,
				0416439B1BD41FA600873FAB /* ServerUserInfo.swift */,
				0416439E1BD4204300873FAB /* WakeOnLanInfo.swift */,
				041643A21BD4233800873FAB /* ConnectionMode.swift */,
				04B8AB341BDB2E8D00ED19CA /* ServerCredentials.swift */,
			);
			name = apiclient;
			path = Emby.ApiClient/model/apiclient;
			sourceTree = SOURCE_ROOT;
		};
		04AFCAE41BD3451000C95C88 /* session */ = {
			isa = PBXGroup;
			children = (
				04AFCAE51BD3453400C95C88 /* ClientCapabilities.swift */,
			);
			name = session;
			sourceTree = "<group>";
		};
		04AFCAE71BD346C600C95C88 /* dlna */ = {
			isa = PBXGroup;
			children = (
				04AFCAE81BD346F200C95C88 /* DeviceProfile.swift */,
			);
			name = dlna;
			sourceTree = "<group>";
		};
		04AFCAEA1BD347DD00C95C88 /* dto */ = {
			isa = PBXGroup;
			children = (
				04AFCAEB1BD347EE00C95C88 /* IHasServerId.swift */,
			);
			name = dto;
			sourceTree = "<group>";
		};
		04AFCAF11BD3496100C95C88 /* device */ = {
			isa = PBXGroup;
			children = (
				04AFCAF21BD3497000C95C88 /* DeviceProtocol.swift */,
			);
			name = device;
			sourceTree = "<group>";
		};
		04AFCAF41BD349FA00C95C88 /* devices */ = {
			isa = PBXGroup;
			children = (
				04AFCAF51BD34A0A00C95C88 /* LocalFileInfo.swift */,
			);
			name = devices;
			sourceTree = "<group>";
		};
		04AFCAF71BD34B0900C95C88 /* tasks */ = {
			isa = PBXGroup;
			children = (
				04AFCAF81BD34B4800C95C88 /* ProgressProtocol.swift */,
				04AFCAFA1BD34B9900C95C88 /* CancellationToken.swift */,
			);
			name = tasks;
			sourceTree = "<group>";
		};
		04B8AB2E1BDB291E00ED19CA /* connectionmanager */ = {
			isa = PBXGroup;
			children = (
				04B8AB301BDB293200ED19CA /* ConnectionManager.swift */,
			);
			name = connectionmanager;
			sourceTree = "<group>";
		};
		8838C54D1BC514B500587F8E = {
			isa = PBXGroup;
			children = (
				8838C5591BC514B500587F8E /* Emby.ApiClient */,
				888EFC981BCC52CD00546DB3 /* TestApp */,
				8838C5581BC514B500587F8E /* Products */,
				5DD39A811BE9E6AD00B2D09A /* Alamofire.framework */,
			);
			sourceTree = "<group>";
		};
		8838C5581BC514B500587F8E /* Products */ = {
			isa = PBXGroup;
			children = (
				8838C5571BC514B500587F8E /* Emby_ApiClient.framework */,
				888EFC971BCC52CD00546DB3 /* TestApp.app */,
			);
			name = Products;
			sourceTree = "<group>";
		};
		8838C5591BC514B500587F8E /* Emby.ApiClient */ = {
			isa = PBXGroup;
			children = (
				88CF7CCC1BC59CF000A33B72 /* iOS */,
				8838C5621BC517E300587F8E /* apiinteraction */,
				8838C5681BC51FD900587F8E /* model */,
				8838C55A1BC514B500587F8E /* Emby.ApiClient.h */,
				8838C55C1BC514B500587F8E /* Info.plist */,
				88CF7C101BC5248E00A33B72 /* Emby.ApiClient-Bridging-Header.h */,
				888EFC6C1BCC3DA600546DB3 /* Configuration.swift */,
			);
			path = Emby.ApiClient;
			sourceTree = "<group>";
		};
		8838C5621BC517E300587F8E /* apiinteraction */ = {
			isa = PBXGroup;
			children = (
				889288D01BE8DCC800DAD65F /* sync */,
				889288C81BE7FED400DAD65F /* credentials */,
				04B8AB2E1BDB291E00ED19CA /* connectionmanager */,
				04AFCAF71BD34B0900C95C88 /* tasks */,
				04AFCAF11BD3496100C95C88 /* device */,
				04AFCAD61BD33E0500C95C88 /* discovery */,
				8838C5631BC517E300587F8E /* connect */,
				88CF7CC21BC586AE00A33B72 /* http */,
				88CF7CC71BC5887100A33B72 /* iOS */,
				8838C5661BC5197900587F8E /* QueryStringDictionary.swift */,
				88CF7E311BC5B08300A33B72 /* SerializedResponse.swift */,
				8857F86E1BCD4B5500ADFA8A /* IResponse.swift */,
				884EBEDC1BCD912B0032E7F3 /* EmptyResponse.swift */,
				04AFCAE11BD3436600C95C88 /* ConnectionManagerProtocol.swift */,
				04AFCAEF1BD3490A00C95C88 /* ApiClient.swift */,
				041643A91BD48E6100873FAB /* ConnectionResult.swift */,
				04B8AB321BDB2D1700ED19CA /* CredentialProviderProtocol.swift */,
				889288CC1BE7FF8B00DAD65F /* ICredentialProvider.swift */,
				889288D41BE908A500DAD65F /* BaseApiClient.swift */,
			);
			path = apiinteraction;
			sourceTree = "<group>";
		};
		8838C5631BC517E300587F8E /* connect */ = {
			isa = PBXGroup;
			children = (
				8838C5641BC5180100587F8E /* ConnectService.swift */,
			);
			path = connect;
			sourceTree = "<group>";
		};
		8838C5681BC51FD900587F8E /* model */ = {
			isa = PBXGroup;
			children = (
				041643AB1BD4959700873FAB /* updates */,
				041643A41BD424E500873FAB /* system */,
				04AFCAF41BD349FA00C95C88 /* devices */,
				04AFCAEA1BD347DD00C95C88 /* dto */,
				04AFCAE71BD346C600C95C88 /* dlna */,
				04AFCAE41BD3451000C95C88 /* session */,
				04AFCADA1BD33FEA00C95C88 /* apiclient */,
				88CF7E561BC5BEFC00A33B72 /* logging */,
				8838C5691BC51FD900587F8E /* connect */,
				888EFC621BC859D000546DB3 /* registration */,
				88CF7E3A1BC5BB4A00A33B72 /* serialization */,
			);
			path = model;
			sourceTree = "<group>";
		};
		8838C5691BC51FD900587F8E /* connect */ = {
			isa = PBXGroup;
			children = (
				8838C56A1BC51FFA00587F8E /* ConnectPassword.swift */,
				88CF7E331BC5B14F00A33B72 /* ConnectAuthorizationRequest.swift */,
				88CF7E351BC5B2E800A33B72 /* ConnectAuthenticationResult.swift */,
				88CF7E6D1BC6E05C00A33B72 /* PinCreationResult.swift */,
				88CF7E6F1BC6E0C100A33B72 /* PinStatusResult.swift */,
				88CF7E711BC6E49F00A33B72 /* PinExchangeResult.swift */,
				88CF7E731BC6E5B500A33B72 /* ConnectUserQuery.swift */,
				88CF7E751BC6E71200A33B72 /* ConnectUser.swift */,
				88CF7E771BC6E86F00A33B72 /* ConnectUserServer.swift */,
				041643A01BD4216100873FAB /* UserLinkType.swift */,
			);
			path = connect;
			sourceTree = "<group>";
		};
		888EFC621BC859D000546DB3 /* registration */ = {
			isa = PBXGroup;
			children = (
				888EFC641BC859E100546DB3 /* RegistrationInfo.swift */,
			);
			path = registration;
			sourceTree = "<group>";
		};
		888EFC981BCC52CD00546DB3 /* TestApp */ = {
			isa = PBXGroup;
			children = (
				888EFC991BCC52CD00546DB3 /* AppDelegate.swift */,
				888EFC9B1BCC52CD00546DB3 /* ViewController.swift */,
				888EFC9D1BCC52CD00546DB3 /* Main.storyboard */,
				888EFCA01BCC52CD00546DB3 /* Assets.xcassets */,
				888EFCA21BCC52CD00546DB3 /* LaunchScreen.storyboard */,
				888EFCA51BCC52CD00546DB3 /* Info.plist */,
			);
			path = TestApp;
			sourceTree = "<group>";
		};
		889288C81BE7FED400DAD65F /* credentials */ = {
			isa = PBXGroup;
			children = (
				889288CA1BE7FF0000DAD65F /* CredentialProvider.swift */,
			);
			path = credentials;
			sourceTree = "<group>";
		};
		889288D01BE8DCC800DAD65F /* sync */ = {
			isa = PBXGroup;
			children = (
				889288D11BE8DCC800DAD65F /* server */,
			);
			path = sync;
			sourceTree = "<group>";
		};
		889288D11BE8DCC800DAD65F /* server */ = {
			isa = PBXGroup;
			children = (
				889288D21BE8DCE700DAD65F /* FileUploadProgress.swift */,
			);
			path = server;
			sourceTree = "<group>";
		};
		88CF7CC21BC586AE00A33B72 /* http */ = {
			isa = PBXGroup;
			children = (
				88CF7CC31BC586BC00A33B72 /* IAsyncHttpClient.swift */,
				88CF7CC51BC5873A00A33B72 /* HttpRequest.swift */,
				88CF7E5F1BC5C37D00A33B72 /* HttpHeaders.swift */,
			);
			path = http;
			sourceTree = "<group>";
		};
		88CF7CC71BC5887100A33B72 /* iOS */ = {
			isa = PBXGroup;
			children = (
				88CF7CC81BC5888300A33B72 /* VolleyHttpClient.swift */,
				88CF7CCA1BC59AC600A33B72 /* VolleyStringRequest.swift */,
				88CF7CD01BC59EA500A33B72 /* VolleyResponseListener.swift */,
				88CF7E611BC5C72700A33B72 /* VolleyErrorListener.swift */,
				8857F86C1BCC633F00ADFA8A /* VolleyError.swift */,
				889288CE1BE8D9B400DAD65F /* iOSDevice.swift */,
			);
			path = iOS;
			sourceTree = "<group>";
		};
		88CF7CCC1BC59CF000A33B72 /* iOS */ = {
			isa = PBXGroup;
			children = (
				88CF7CCD1BC59CF000A33B72 /* volley */,
				88CF7E631BC5C85A00A33B72 /* Context.swift */,
				888EFC7D1BCC4DB700546DB3 /* Logger.swift */,
				888EFC801BCC4EDC00546DB3 /* JsonSerializer.swift */,
			);
			path = iOS;
			sourceTree = "<group>";
		};
		88CF7CCD1BC59CF000A33B72 /* volley */ = {
			isa = PBXGroup;
			children = (
				88CF7E651BC5CB4500A33B72 /* toolbox */,
				88CF7CCE1BC59D0500A33B72 /* Response.swift */,
				88CF7E681BC5CBDB00A33B72 /* Request.swift */,
			);
			path = volley;
			sourceTree = "<group>";
		};
		88CF7E3A1BC5BB4A00A33B72 /* serialization */ = {
			isa = PBXGroup;
			children = (
				88CF7E3B1BC5BB5600A33B72 /* IJsonSerializer.swift */,
			);
			path = serialization;
			sourceTree = "<group>";
		};
		88CF7E561BC5BEFC00A33B72 /* logging */ = {
			isa = PBXGroup;
			children = (
				88CF7E571BC5BF0300A33B72 /* ILogger.swift */,
			);
			path = logging;
			sourceTree = "<group>";
		};
		88CF7E651BC5CB4500A33B72 /* toolbox */ = {
			isa = PBXGroup;
			children = (
				88CF7E661BC5CB4B00A33B72 /* StringRequest.swift */,
			);
			path = toolbox;
			sourceTree = "<group>";
		};
/* End PBXGroup section */

/* Begin PBXHeadersBuildPhase section */
		8838C5541BC514B500587F8E /* Headers */ = {
			isa = PBXHeadersBuildPhase;
			buildActionMask = 2147483647;
			files = (
				88CF7C111BC5248E00A33B72 /* Emby.ApiClient-Bridging-Header.h in Headers */,
				8838C55B1BC514B500587F8E /* Emby.ApiClient.h in Headers */,
			);
			runOnlyForDeploymentPostprocessing = 0;
		};
/* End PBXHeadersBuildPhase section */

/* Begin PBXNativeTarget section */
		8838C5561BC514B500587F8E /* Emby_ApiClient */ = {
			isa = PBXNativeTarget;
			buildConfigurationList = 8838C55F1BC514B500587F8E /* Build configuration list for PBXNativeTarget "Emby_ApiClient" */;
			buildPhases = (
				8838C5521BC514B500587F8E /* Sources */,
				8838C5531BC514B500587F8E /* Frameworks */,
				8838C5541BC514B500587F8E /* Headers */,
				8838C5551BC514B500587F8E /* Resources */,
			);
			buildRules = (
			);
			dependencies = (
			);
			name = Emby_ApiClient;
			productName = Emby.ApiClient;
			productReference = 8838C5571BC514B500587F8E /* Emby_ApiClient.framework */;
			productType = "com.apple.product-type.framework";
		};
		888EFC961BCC52CD00546DB3 /* TestApp */ = {
			isa = PBXNativeTarget;
			buildConfigurationList = 888EFCA61BCC52CD00546DB3 /* Build configuration list for PBXNativeTarget "TestApp" */;
			buildPhases = (
				888EFC931BCC52CD00546DB3 /* Sources */,
				888EFC941BCC52CD00546DB3 /* Frameworks */,
				888EFC951BCC52CD00546DB3 /* Resources */,
				5DD39A831BE9E6E600B2D09A /* ShellScript */,
			);
			buildRules = (
			);
			dependencies = (
				888EFCAA1BCC533B00546DB3 /* PBXTargetDependency */,
			);
			name = TestApp;
			productName = TestApp;
			productReference = 888EFC971BCC52CD00546DB3 /* TestApp.app */;
			productType = "com.apple.product-type.application";
		};
/* End PBXNativeTarget section */

/* Begin PBXProject section */
		8838C54E1BC514B500587F8E /* Project object */ = {
			isa = PBXProject;
			attributes = {
				LastSwiftUpdateCheck = 0700;
				LastUpgradeCheck = 0700;
				ORGANIZATIONNAME = "Vedran Ozir";
				TargetAttributes = {
					8838C5561BC514B500587F8E = {
						CreatedOnToolsVersion = 7.0;
					};
					888EFC961BCC52CD00546DB3 = {
						CreatedOnToolsVersion = 7.0;
					};
				};
			};
			buildConfigurationList = 8838C5511BC514B500587F8E /* Build configuration list for PBXProject "Emby.ApiClient" */;
			compatibilityVersion = "Xcode 3.2";
			developmentRegion = English;
			hasScannedForEncodings = 0;
			knownRegions = (
				en,
				Base,
			);
			mainGroup = 8838C54D1BC514B500587F8E;
			productRefGroup = 8838C5581BC514B500587F8E /* Products */;
			projectDirPath = "";
			projectRoot = "";
			targets = (
				8838C5561BC514B500587F8E /* Emby_ApiClient */,
				888EFC961BCC52CD00546DB3 /* TestApp */,
			);
		};
/* End PBXProject section */

/* Begin PBXResourcesBuildPhase section */
		8838C5551BC514B500587F8E /* Resources */ = {
			isa = PBXResourcesBuildPhase;
			buildActionMask = 2147483647;
			files = (
			);
			runOnlyForDeploymentPostprocessing = 0;
		};
		888EFC951BCC52CD00546DB3 /* Resources */ = {
			isa = PBXResourcesBuildPhase;
			buildActionMask = 2147483647;
			files = (
				888EFCA41BCC52CD00546DB3 /* LaunchScreen.storyboard in Resources */,
				888EFCA11BCC52CD00546DB3 /* Assets.xcassets in Resources */,
				888EFC9F1BCC52CD00546DB3 /* Main.storyboard in Resources */,
			);
			runOnlyForDeploymentPostprocessing = 0;
		};
/* End PBXResourcesBuildPhase section */

/* Begin PBXShellScriptBuildPhase section */
		5DD39A831BE9E6E600B2D09A /* ShellScript */ = {
			isa = PBXShellScriptBuildPhase;
			buildActionMask = 2147483647;
			files = (
			);
			inputPaths = (
				"$(SRCROOT)/Carthage/Build/iOS/Alamofire.framework",
			);
			outputPaths = (
			);
			runOnlyForDeploymentPostprocessing = 0;
			shellPath = /bin/sh;
			shellScript = "/usr/local/bin/carthage copy-frameworks";
		};
/* End PBXShellScriptBuildPhase section */

/* Begin PBXSourcesBuildPhase section */
		8838C5521BC514B500587F8E /* Sources */ = {
			isa = PBXSourcesBuildPhase;
			buildActionMask = 2147483647;
			files = (
				88CF7E641BC5C85A00A33B72 /* Context.swift in Sources */,
				889288D31BE8DCE700DAD65F /* FileUploadProgress.swift in Sources */,
				041643A81BD4280600873FAB /* SystemInfo.swift in Sources */,
				0416439F1BD4204300873FAB /* WakeOnLanInfo.swift in Sources */,
				88CF7E721BC6E49F00A33B72 /* PinExchangeResult.swift in Sources */,
				041643AF1BD4962100873FAB /* PackageVersionClass.swift in Sources */,
				04AFCAF91BD34B4800C95C88 /* ProgressProtocol.swift in Sources */,
				88CF7E391BC5B9AE00A33B72 /* SerializedResponse.swift in Sources */,
				8857F86D1BCC633F00ADFA8A /* VolleyError.swift in Sources */,
				04AFCAE61BD3453400C95C88 /* ClientCapabilities.swift in Sources */,
				04AFCAE91BD346F200C95C88 /* DeviceProfile.swift in Sources */,
				88CF7E581BC5BF0300A33B72 /* ILogger.swift in Sources */,
				88CF7E3C1BC5BB5600A33B72 /* IJsonSerializer.swift in Sources */,
				041643AD1BD495A700873FAB /* InstallationInfo.swift in Sources */,
				04AFCAEE1BD3489C00C95C88 /* ServerInfo.swift in Sources */,
				04B8AB331BDB2D1700ED19CA /* CredentialProviderProtocol.swift in Sources */,
				041643A31BD4233800873FAB /* ConnectionMode.swift in Sources */,
				04AFCAFD1BD34C9F00C95C88 /* ConnectionOptions.swift in Sources */,
				88CF7E671BC5CB4B00A33B72 /* StringRequest.swift in Sources */,
				88CF7E5C1BC5BFA700A33B72 /* ConnectAuthenticationResult.swift in Sources */,
				88CF7E5E1BC5C15D00A33B72 /* ConnectService.swift in Sources */,
				888EFC651BC859E100546DB3 /* RegistrationInfo.swift in Sources */,
				04B8AB311BDB293200ED19CA /* ConnectionManager.swift in Sources */,
				88CF7E5B1BC5BFA300A33B72 /* ConnectAuthorizationRequest.swift in Sources */,
				88CF7E3E1BC5BC8800A33B72 /* IAsyncHttpClient.swift in Sources */,
				884EBEDD1BCD912B0032E7F3 /* EmptyResponse.swift in Sources */,
				888EFC7E1BCC4DB700546DB3 /* Logger.swift in Sources */,
				041643A61BD424F400873FAB /* PublicSystemInfo.swift in Sources */,
				04AFCAEC1BD347EE00C95C88 /* IHasServerId.swift in Sources */,
				889288CD1BE7FF8B00DAD65F /* ICredentialProvider.swift in Sources */,
				04B8AB351BDB2E8D00ED19CA /* ServerCredentials.swift in Sources */,
				88CF7E6E1BC6E05C00A33B72 /* PinCreationResult.swift in Sources */,
				0416439C1BD41FA600873FAB /* ServerUserInfo.swift in Sources */,
				04AFCAF61BD34A0A00C95C88 /* LocalFileInfo.swift in Sources */,
				04AFCAF01BD3490A00C95C88 /* ApiClient.swift in Sources */,
				88CF7E3F1BC5BCA800A33B72 /* VolleyHttpClient.swift in Sources */,
				88CF7E551BC5BE9600A33B72 /* VolleyResponseListener.swift in Sources */,
				04AFCAFB1BD34B9900C95C88 /* CancellationToken.swift in Sources */,
				041643A11BD4216100873FAB /* UserLinkType.swift in Sources */,
				8857F86F1BCD4B5500ADFA8A /* IResponse.swift in Sources */,
				88CF7E781BC6E86F00A33B72 /* ConnectUserServer.swift in Sources */,
				889288CB1BE7FF0000DAD65F /* CredentialProvider.swift in Sources */,
				88CF7E591BC5BF8C00A33B72 /* QueryStringDictionary.swift in Sources */,
				88CF7E691BC5CBDB00A33B72 /* Request.swift in Sources */,
				889288D51BE908A500DAD65F /* BaseApiClient.swift in Sources */,
				04AFCADC1BD33FEA00C95C88 /* ServerDiscoveryInfo.swift in Sources */,
				88CF7E371BC5B8DF00A33B72 /* Response.swift in Sources */,
				88CF7E741BC6E5B500A33B72 /* ConnectUserQuery.swift in Sources */,
				88CF7E601BC5C37D00A33B72 /* HttpHeaders.swift in Sources */,
				88CF7E381BC5B94500A33B72 /* HttpRequest.swift in Sources */,
				888EFC6D1BCC3DA600546DB3 /* Configuration.swift in Sources */,
				88CF7E701BC6E0C100A33B72 /* PinStatusResult.swift in Sources */,
				88CF7E5A1BC5BF9E00A33B72 /* ConnectPassword.swift in Sources */,
				041643AA1BD48E6100873FAB /* ConnectionResult.swift in Sources */,
				88CF7E761BC6E71200A33B72 /* ConnectUser.swift in Sources */,
				889288D71BE90D8000DAD65F /* ServerLocator.swift in Sources */,
				889288CF1BE8D9B400DAD65F /* iOSDevice.swift in Sources */,
				888EFC811BCC4EDC00546DB3 /* JsonSerializer.swift in Sources */,
				04AFCAD81BD33E0500C95C88 /* ServerLocatorProtocol.swift in Sources */,
				04AFCAE21BD3436600C95C88 /* ConnectionManagerProtocol.swift in Sources */,
				88CF7E5D1BC5BFC000A33B72 /* VolleyStringRequest.swift in Sources */,
				88CF7E621BC5C72700A33B72 /* VolleyErrorListener.swift in Sources */,
				04AFCAF31BD3497000C95C88 /* DeviceProtocol.swift in Sources */,
			);
			runOnlyForDeploymentPostprocessing = 0;
		};
		888EFC931BCC52CD00546DB3 /* Sources */ = {
			isa = PBXSourcesBuildPhase;
			buildActionMask = 2147483647;
			files = (
				888EFC9C1BCC52CD00546DB3 /* ViewController.swift in Sources */,
				888EFC9A1BCC52CD00546DB3 /* AppDelegate.swift in Sources */,
			);
			runOnlyForDeploymentPostprocessing = 0;
		};
/* End PBXSourcesBuildPhase section */

/* Begin PBXTargetDependency section */
		888EFCAA1BCC533B00546DB3 /* PBXTargetDependency */ = {
			isa = PBXTargetDependency;
			target = 8838C5561BC514B500587F8E /* Emby_ApiClient */;
			targetProxy = 888EFCA91BCC533B00546DB3 /* PBXContainerItemProxy */;
		};
/* End PBXTargetDependency section */

/* Begin PBXVariantGroup section */
		888EFC9D1BCC52CD00546DB3 /* Main.storyboard */ = {
			isa = PBXVariantGroup;
			children = (
				888EFC9E1BCC52CD00546DB3 /* Base */,
			);
			name = Main.storyboard;
			sourceTree = "<group>";
		};
		888EFCA21BCC52CD00546DB3 /* LaunchScreen.storyboard */ = {
			isa = PBXVariantGroup;
			children = (
				888EFCA31BCC52CD00546DB3 /* Base */,
			);
			name = LaunchScreen.storyboard;
			sourceTree = "<group>";
		};
/* End PBXVariantGroup section */

/* Begin XCBuildConfiguration section */
		8838C55D1BC514B500587F8E /* Debug */ = {
			isa = XCBuildConfiguration;
			buildSettings = {
				ALWAYS_SEARCH_USER_PATHS = NO;
				CLANG_CXX_LANGUAGE_STANDARD = "gnu++0x";
				CLANG_CXX_LIBRARY = "libc++";
				CLANG_ENABLE_MODULES = YES;
				CLANG_ENABLE_OBJC_ARC = YES;
				CLANG_WARN_BOOL_CONVERSION = YES;
				CLANG_WARN_CONSTANT_CONVERSION = YES;
				CLANG_WARN_DIRECT_OBJC_ISA_USAGE = YES_ERROR;
				CLANG_WARN_EMPTY_BODY = YES;
				CLANG_WARN_ENUM_CONVERSION = YES;
				CLANG_WARN_INT_CONVERSION = YES;
				CLANG_WARN_OBJC_ROOT_CLASS = YES_ERROR;
				CLANG_WARN_UNREACHABLE_CODE = YES;
				CLANG_WARN__DUPLICATE_METHOD_MATCH = YES;
				"CODE_SIGN_IDENTITY[sdk=iphoneos*]" = "iPhone Developer";
				COPY_PHASE_STRIP = NO;
				CURRENT_PROJECT_VERSION = 1;
				DEBUG_INFORMATION_FORMAT = dwarf;
				ENABLE_STRICT_OBJC_MSGSEND = YES;
				ENABLE_TESTABILITY = YES;
				GCC_C_LANGUAGE_STANDARD = gnu99;
				GCC_DYNAMIC_NO_PIC = NO;
				GCC_NO_COMMON_BLOCKS = YES;
				GCC_OPTIMIZATION_LEVEL = 0;
				GCC_PREPROCESSOR_DEFINITIONS = (
					"DEBUG=1",
					"$(inherited)",
				);
				GCC_WARN_64_TO_32_BIT_CONVERSION = YES;
				GCC_WARN_ABOUT_RETURN_TYPE = YES_ERROR;
				GCC_WARN_UNDECLARED_SELECTOR = YES;
				GCC_WARN_UNINITIALIZED_AUTOS = YES_AGGRESSIVE;
				GCC_WARN_UNUSED_FUNCTION = YES;
				GCC_WARN_UNUSED_VARIABLE = YES;
				IPHONEOS_DEPLOYMENT_TARGET = 9.0;
				MTL_ENABLE_DEBUG_INFO = YES;
				ONLY_ACTIVE_ARCH = YES;
				SDKROOT = iphoneos;
				SWIFT_OPTIMIZATION_LEVEL = "-Onone";
				TARGETED_DEVICE_FAMILY = "1,2";
				VERSIONING_SYSTEM = "apple-generic";
				VERSION_INFO_PREFIX = "";
			};
			name = Debug;
		};
		8838C55E1BC514B500587F8E /* Release */ = {
			isa = XCBuildConfiguration;
			buildSettings = {
				ALWAYS_SEARCH_USER_PATHS = NO;
				CLANG_CXX_LANGUAGE_STANDARD = "gnu++0x";
				CLANG_CXX_LIBRARY = "libc++";
				CLANG_ENABLE_MODULES = YES;
				CLANG_ENABLE_OBJC_ARC = YES;
				CLANG_WARN_BOOL_CONVERSION = YES;
				CLANG_WARN_CONSTANT_CONVERSION = YES;
				CLANG_WARN_DIRECT_OBJC_ISA_USAGE = YES_ERROR;
				CLANG_WARN_EMPTY_BODY = YES;
				CLANG_WARN_ENUM_CONVERSION = YES;
				CLANG_WARN_INT_CONVERSION = YES;
				CLANG_WARN_OBJC_ROOT_CLASS = YES_ERROR;
				CLANG_WARN_UNREACHABLE_CODE = YES;
				CLANG_WARN__DUPLICATE_METHOD_MATCH = YES;
				"CODE_SIGN_IDENTITY[sdk=iphoneos*]" = "iPhone Developer";
				COPY_PHASE_STRIP = NO;
				CURRENT_PROJECT_VERSION = 1;
				DEBUG_INFORMATION_FORMAT = "dwarf-with-dsym";
				ENABLE_NS_ASSERTIONS = NO;
				ENABLE_STRICT_OBJC_MSGSEND = YES;
				GCC_C_LANGUAGE_STANDARD = gnu99;
				GCC_NO_COMMON_BLOCKS = YES;
				GCC_WARN_64_TO_32_BIT_CONVERSION = YES;
				GCC_WARN_ABOUT_RETURN_TYPE = YES_ERROR;
				GCC_WARN_UNDECLARED_SELECTOR = YES;
				GCC_WARN_UNINITIALIZED_AUTOS = YES_AGGRESSIVE;
				GCC_WARN_UNUSED_FUNCTION = YES;
				GCC_WARN_UNUSED_VARIABLE = YES;
				IPHONEOS_DEPLOYMENT_TARGET = 9.0;
				MTL_ENABLE_DEBUG_INFO = NO;
				SDKROOT = iphoneos;
				TARGETED_DEVICE_FAMILY = "1,2";
				VALIDATE_PRODUCT = YES;
				VERSIONING_SYSTEM = "apple-generic";
				VERSION_INFO_PREFIX = "";
			};
			name = Release;
		};
		8838C5601BC514B500587F8E /* Debug */ = {
			isa = XCBuildConfiguration;
			buildSettings = {
				CLANG_ENABLE_MODULES = YES;
				DEFINES_MODULE = YES;
				DYLIB_COMPATIBILITY_VERSION = 1;
				DYLIB_CURRENT_VERSION = 1;
				DYLIB_INSTALL_NAME_BASE = "@rpath";
				INFOPLIST_FILE = Emby.ApiClient/Info.plist;
				INSTALL_PATH = "$(LOCAL_LIBRARY_DIR)/Frameworks";
				LD_DYLIB_INSTALL_NAME = "$(EXECUTABLE_PATH)";
				LD_RUNPATH_SEARCH_PATHS = "$(inherited) @executable_path/Frameworks @loader_path/Frameworks";
				PRODUCT_BUNDLE_IDENTIFIER = "QoT.Emby-ApiClient";
				PRODUCT_NAME = "$(TARGET_NAME)";
				SKIP_INSTALL = YES;
				SWIFT_OBJC_BRIDGING_HEADER = "Emby.ApiClient/Emby.ApiClient-Bridging-Header.h";
				SWIFT_OPTIMIZATION_LEVEL = "-Onone";
			};
			name = Debug;
		};
		8838C5611BC514B500587F8E /* Release */ = {
			isa = XCBuildConfiguration;
			buildSettings = {
				CLANG_ENABLE_MODULES = YES;
				DEFINES_MODULE = YES;
				DYLIB_COMPATIBILITY_VERSION = 1;
				DYLIB_CURRENT_VERSION = 1;
				DYLIB_INSTALL_NAME_BASE = "@rpath";
				INFOPLIST_FILE = Emby.ApiClient/Info.plist;
				INSTALL_PATH = "$(LOCAL_LIBRARY_DIR)/Frameworks";
				LD_DYLIB_INSTALL_NAME = "$(EXECUTABLE_PATH)";
				LD_RUNPATH_SEARCH_PATHS = "$(inherited) @executable_path/Frameworks @loader_path/Frameworks";
				PRODUCT_BUNDLE_IDENTIFIER = "QoT.Emby-ApiClient";
				PRODUCT_NAME = "$(TARGET_NAME)";
				SKIP_INSTALL = YES;
				SWIFT_OBJC_BRIDGING_HEADER = "Emby.ApiClient/Emby.ApiClient-Bridging-Header.h";
			};
			name = Release;
		};
		888EFCA71BCC52CD00546DB3 /* Debug */ = {
			isa = XCBuildConfiguration;
			buildSettings = {
				ASSETCATALOG_COMPILER_APPICON_NAME = AppIcon;
				FRAMEWORK_SEARCH_PATHS = (
					"$(inherited)",
					"$(PROJECT_DIR)/Carthage/Build/iOS",
				);
				INFOPLIST_FILE = TestApp/Info.plist;
				LD_RUNPATH_SEARCH_PATHS = "$(inherited) @executable_path/Frameworks";
				PRODUCT_BUNDLE_IDENTIFIER = QoT.TestApp;
				PRODUCT_NAME = "$(TARGET_NAME)";
			};
			name = Debug;
		};
		888EFCA81BCC52CD00546DB3 /* Release */ = {
			isa = XCBuildConfiguration;
			buildSettings = {
				ASSETCATALOG_COMPILER_APPICON_NAME = AppIcon;
				FRAMEWORK_SEARCH_PATHS = (
					"$(inherited)",
					"$(PROJECT_DIR)/Carthage/Build/iOS",
				);
				INFOPLIST_FILE = TestApp/Info.plist;
				LD_RUNPATH_SEARCH_PATHS = "$(inherited) @executable_path/Frameworks";
				PRODUCT_BUNDLE_IDENTIFIER = QoT.TestApp;
				PRODUCT_NAME = "$(TARGET_NAME)";
			};
			name = Release;
		};
/* End XCBuildConfiguration section */

/* Begin XCConfigurationList section */
		8838C5511BC514B500587F8E /* Build configuration list for PBXProject "Emby.ApiClient" */ = {
			isa = XCConfigurationList;
			buildConfigurations = (
				8838C55D1BC514B500587F8E /* Debug */,
				8838C55E1BC514B500587F8E /* Release */,
			);
			defaultConfigurationIsVisible = 0;
			defaultConfigurationName = Release;
		};
		8838C55F1BC514B500587F8E /* Build configuration list for PBXNativeTarget "Emby_ApiClient" */ = {
			isa = XCConfigurationList;
			buildConfigurations = (
				8838C5601BC514B500587F8E /* Debug */,
				8838C5611BC514B500587F8E /* Release */,
			);
			defaultConfigurationIsVisible = 0;
			defaultConfigurationName = Release;
		};
		888EFCA61BCC52CD00546DB3 /* Build configuration list for PBXNativeTarget "TestApp" */ = {
			isa = XCConfigurationList;
			buildConfigurations = (
				888EFCA71BCC52CD00546DB3 /* Debug */,
				888EFCA81BCC52CD00546DB3 /* Release */,
			);
			defaultConfigurationIsVisible = 0;
			defaultConfigurationName = Release;
		};
/* End XCConfigurationList section */
	};
	rootObject = 8838C54E1BC514B500587F8E /* Project object */;
}
